
Microsoft Visual Studio Solution File, Format Version 12.00
# Visual Studio Version 17
VisualStudioVersion = 17.14.36109.1 d17.14
MinimumVisualStudioVersion = 10.0.40219.1
Project("{8BC9CEB8-8B4A-11D0-8D11-00A0C91BC942}") = "Task3_Website_Analytics", "Task3_Website_Analytics.vcxproj", "{CCE4F388-AA31-494A-A05B-018FC4338166}"
EndProject
Global
	GlobalSection(SolutionConfigurationPlatforms) = preSolution
		Debug|x64 = Debug|x64
		Debug|x86 = Debug|x86
		Release|x64 = Release|x64
		Release|x86 = Release|x86
	EndGlobalSection
	GlobalSection(ProjectConfigurationPlatforms) = postSolution
		{CCE4F388-AA31-494A-A05B-018FC4338166}.Debug|x64.ActiveCfg = Debug|x64
		{CCE4F388-AA31-494A-A05B-018FC4338166}.Debug|x64.Build.0 = Debug|x64
		{CCE4F388-AA31-494A-A05B-018FC4338166}.Debug|x86.ActiveCfg = Debug|Win32
		{CCE4F388-AA31-494A-A05B-018FC4338166}.Debug|x86.Build.0 = Debug|Win32
		{CCE4F388-AA31-494A-A05B-018FC4338166}.Release|x64.ActiveCfg = Release|x64
		{CCE4F388-AA31-494A-A05B-018FC4338166}.Release|x64.Build.0 = Release|x64
		{CCE4F388-AA31-494A-A05B-018FC4338166}.Release|x86.ActiveCfg = Release|Win32
		{CCE4F388-AA31-494A-A05B-018FC4338166}.Release|x86.Build.0 = Release|Win32
	EndGlobalSection
	GlobalSection(SolutionProperties) = preSolution
		HideSolutionNode = FALSE
	EndGlobalSection
	GlobalSection(ExtensibilityGlobals) = postSolution
		SolutionGuid = {7F5E3D66-5DF7-4224-85DC-269EFBC08FD2}
	EndGlobalSection
EndGlobal
